<?xml version="1.0" encoding="utf-8"?>
<Project ToolsVersion="4.0" xmlns="http://schemas.microsoft.com/developer/msbuild/2003">
  <ItemGroup>
    <Filter Include="源文件">
      <UniqueIdentifier>{4FC737F1-C7A5-4376-A066-2A32D752A2FF}</UniqueIdentifier>
      <Extensions>cpp;c;cc;cxx;def;odl;idl;hpj;bat;asm;asmx</Extensions>
    </Filter>
    <Filter Include="头文件">
      <UniqueIdentifier>{93995380-89BD-4b04-88EB-625FBE52EBFB}</UniqueIdentifier>
      <Extensions>h;hh;hpp;hxx;hm;inl;inc;ipp;xsd</Extensions>
    </Filter>
    <Filter Include="资源文件">
      <UniqueIdentifier>{67DA6AB6-F800-4c08-8B7A-83BB121AAD01}</UniqueIdentifier>
      <Extensions>rc;ico;cur;bmp;dlg;rc2;rct;bin;rgs;gif;jpg;jpeg;jpe;resx;tiff;tif;png;wav;mfcribbon-ms</Extensions>
    </Filter>
  </ItemGroup>
  <ItemGroup>
    <ClCompile Include="滑动窗口的最大值.cpp">
      <Filter>源文件</Filter>
    </ClCompile>
    <ClCompile Include="矩阵中的路径.cpp">
      <Filter>源文件</Filter>
    </ClCompile>
    <ClCompile Include="据出现次数，统计前K项语言.cpp">
      <Filter>源文件</Filter>
    </ClCompile>
    <ClCompile Include="子串数量最大值(笔试).cpp">
      <Filter>源文件</Filter>
    </ClCompile>
    <ClCompile Include="机器人的运动范围.cpp">
      <Filter>源文件</Filter>
    </ClCompile>
    <ClCompile Include="数据流中的中位数.cpp">
      <Filter>源文件</Filter>
    </ClCompile>
    <ClCompile Include="二叉树的第K个结点.cpp">
      <Filter>源文件</Filter>
    </ClCompile>
    <ClCompile Include="序列化二叉树.cpp">
      <Filter>源文件</Filter>
    </ClCompile>
    <ClCompile Include="把二叉树打印成多行.cpp">
      <Filter>源文件</Filter>
    </ClCompile>
    <ClCompile Include="按之字形顺序打印二叉树.cpp">
      <Filter>源文件</Filter>
    </ClCompile>
    <ClCompile Include="对称的二叉树.cpp">
      <Filter>源文件</Filter>
    </ClCompile>
    <ClCompile Include="二叉树的下一个节点.cpp">
      <Filter>源文件</Filter>
    </ClCompile>
    <ClCompile Include="删除链表中重复的结点.cpp">
      <Filter>源文件</Filter>
    </ClCompile>
    <ClCompile Include="链表中环的入口节点.cpp">
      <Filter>源文件</Filter>
    </ClCompile>
    <ClCompile Include="字符流中第一个不重复的字符.cpp">
      <Filter>源文件</Filter>
    </ClCompile>
    <ClCompile Include="表示数值的字符串.cpp">
      <Filter>源文件</Filter>
    </ClCompile>
    <ClCompile Include="正则表达式匹配.cpp">
      <Filter>源文件</Filter>
    </ClCompile>
    <ClCompile Include="构建乘积数组.cpp">
      <Filter>源文件</Filter>
    </ClCompile>
    <ClCompile Include="数组中重复的数字.cpp">
      <Filter>源文件</Filter>
    </ClCompile>
    <ClCompile Include="把字符串转换成整数.cpp">
      <Filter>源文件</Filter>
    </ClCompile>
    <ClCompile Include="不用加减乘除做加法.cpp">
      <Filter>源文件</Filter>
    </ClCompile>
    <ClCompile Include="求1-n的和.cpp">
      <Filter>源文件</Filter>
    </ClCompile>
    <ClCompile Include="孩子们的游戏.cpp">
      <Filter>源文件</Filter>
    </ClCompile>
    <ClCompile Include="扑克牌顺子.cpp">
      <Filter>源文件</Filter>
    </ClCompile>
    <ClCompile Include="翻转单词顺序列.cpp">
      <Filter>源文件</Filter>
    </ClCompile>
    <ClCompile Include="左旋字符串.cpp">
      <Filter>源文件</Filter>
    </ClCompile>
    <ClCompile Include="和为S的两个数字.cpp">
      <Filter>源文件</Filter>
    </ClCompile>
    <ClCompile Include="和为S的连续正数序列.cpp">
      <Filter>源文件</Filter>
    </ClCompile>
    <ClCompile Include="数组中只出现一次的数字.cpp">
      <Filter>源文件</Filter>
    </ClCompile>
    <ClCompile Include="平衡二叉树.cpp">
      <Filter>源文件</Filter>
    </ClCompile>
    <ClCompile Include="京东合唱队问题.cpp">
      <Filter>源文件</Filter>
    </ClCompile>
    <ClCompile Include="数字在排序数组中出现的次数.cpp">
      <Filter>源文件</Filter>
    </ClCompile>
    <ClCompile Include="两个链表的第一个公共结点.cpp">
      <Filter>源文件</Filter>
    </ClCompile>
    <ClCompile Include="数组中的逆序对.cpp">
      <Filter>源文件</Filter>
    </ClCompile>
    <ClCompile Include="vipkid计算数组中任意两个数和为0的个数.cpp">
      <Filter>源文件</Filter>
    </ClCompile>
    <ClCompile Include="vipkid输出任意整数二进制1的个数.cpp">
      <Filter>源文件</Filter>
    </ClCompile>
    <ClCompile Include="第一个只出现一次的字符.cpp">
      <Filter>源文件</Filter>
    </ClCompile>
    <ClCompile Include="丑数.cpp">
      <Filter>源文件</Filter>
    </ClCompile>
    <ClCompile Include="把数组排成最小的数.cpp">
      <Filter>源文件</Filter>
    </ClCompile>
    <ClCompile Include="整数中1出现的次数（从1到n整数中1出现的次数）.cpp">
      <Filter>源文件</Filter>
    </ClCompile>
    <ClCompile Include="连续子数组的最大和.cpp">
      <Filter>源文件</Filter>
    </ClCompile>
    <ClCompile Include="最小的K个数.cpp">
      <Filter>源文件</Filter>
    </ClCompile>
    <ClCompile Include="数组中出现次数超过一半的数字.cpp">
      <Filter>源文件</Filter>
    </ClCompile>
    <ClCompile Include="字符串的排列.cpp">
      <Filter>源文件</Filter>
    </ClCompile>
    <ClCompile Include="二叉搜索树与双向链表.cpp">
      <Filter>源文件</Filter>
    </ClCompile>
    <ClCompile Include="复杂链表的复制.cpp">
      <Filter>源文件</Filter>
    </ClCompile>
    <ClCompile Include="二叉树中和为某一值的路径.cpp">
      <Filter>源文件</Filter>
    </ClCompile>
    <ClCompile Include="二叉搜索树的后续遍历.cpp">
      <Filter>源文件</Filter>
    </ClCompile>
    <ClCompile Include="从上往下打印二叉树.cpp">
      <Filter>源文件</Filter>
    </ClCompile>
    <ClCompile Include="栈的压入、弹出序列.cpp">
      <Filter>源文件</Filter>
    </ClCompile>
    <ClCompile Include="包含min函数的栈.cpp">
      <Filter>源文件</Filter>
    </ClCompile>
  </ItemGroup>
</Project>